
Microsoft Visual Studio Solution File, Format Version 12.00
# Visual Studio 15
Project("{FAE04EC0-301F-11D3-BF4B-00C04F79EFBC}") = "UniTask", "UniTask.csproj", "{72688515-A422-4C47-A2A1-13A7E6672119}"
EndProject
Project("{FAE04EC0-301F-11D3-BF4B-00C04F79EFBC}") = "唐老师框架迭代版", "唐老师框架迭代版.csproj", "{1D4ABAF9-B8A9-F838-9FD2-9AB16A443A6A}"
EndProject
Project("{FAE04EC0-301F-11D3-BF4B-00C04F79EFBC}") = "UniTask.TextMeshPro", "UniTask.TextMeshPro.csproj", "{16F2FD83-1A9E-39A9-AD45-3B444FB8558C}"
EndProject
Project("{FAE04EC0-301F-11D3-BF4B-00C04F79EFBC}") = "UniTask.Linq", "UniTask.Linq.csproj", "{F2CDE387-D904-53E7-4582-0A55E711C037}"
EndProject
Project("{FAE04EC0-301F-11D3-BF4B-00C04F79EFBC}") = "Unity.AssetBundleBrowser.Editor", "Unity.AssetBundleBrowser.Editor.csproj", "{6BC452FB-C341-93AF-D846-D7CD0EA169B3}"
EndProject
Project("{FAE04EC0-301F-11D3-BF4B-00C04F79EFBC}") = "UniTask.Addressables", "UniTask.Addressables.csproj", "{21007672-2A3A-7F13-A2DB-F1FF60E7EC7F}"
EndProject
Project("{FAE04EC0-301F-11D3-BF4B-00C04F79EFBC}") = "UniTask.Editor", "UniTask.Editor.csproj", "{49DA9157-815E-BD6A-02DF-160DABAB65BA}"
EndProject
Project("{FAE04EC0-301F-11D3-BF4B-00C04F79EFBC}") = "UniTask.DOTween", "UniTask.DOTween.csproj", "{E2D95C43-1570-4155-E9A0-2C57BEFEC4B8}"
EndProject
Global
	GlobalSection(SolutionConfigurationPlatforms) = preSolution
		Debug|Any CPU = Debug|Any CPU
		Release|Any CPU = Release|Any CPU
	EndGlobalSection
	GlobalSection(ProjectConfigurationPlatforms) = postSolution
		{72688515-A422-4C47-A2A1-13A7E6672119}.Debug|Any CPU.ActiveCfg = Debug|Any CPU
		{72688515-A422-4C47-A2A1-13A7E6672119}.Debug|Any CPU.Build.0 = Debug|Any CPU
		{72688515-A422-4C47-A2A1-13A7E6672119}.Release|Any CPU.ActiveCfg = Release|Any CPU
		{72688515-A422-4C47-A2A1-13A7E6672119}.Release|Any CPU.Build.0 = Release|Any CPU
		{1D4ABAF9-B8A9-F838-9FD2-9AB16A443A6A}.Debug|Any CPU.ActiveCfg = Debug|Any CPU
		{1D4ABAF9-B8A9-F838-9FD2-9AB16A443A6A}.Debug|Any CPU.Build.0 = Debug|Any CPU
		{1D4ABAF9-B8A9-F838-9FD2-9AB16A443A6A}.Release|Any CPU.ActiveCfg = Release|Any CPU
		{1D4ABAF9-B8A9-F838-9FD2-9AB16A443A6A}.Release|Any CPU.Build.0 = Release|Any CPU
		{16F2FD83-1A9E-39A9-AD45-3B444FB8558C}.Debug|Any CPU.ActiveCfg = Debug|Any CPU
		{16F2FD83-1A9E-39A9-AD45-3B444FB8558C}.Debug|Any CPU.Build.0 = Debug|Any CPU
		{16F2FD83-1A9E-39A9-AD45-3B444FB8558C}.Release|Any CPU.ActiveCfg = Release|Any CPU
		{16F2FD83-1A9E-39A9-AD45-3B444FB8558C}.Release|Any CPU.Build.0 = Release|Any CPU
		{F2CDE387-D904-53E7-4582-0A55E711C037}.Debug|Any CPU.ActiveCfg = Debug|Any CPU
		{F2CDE387-D904-53E7-4582-0A55E711C037}.Debug|Any CPU.Build.0 = Debug|Any CPU
		{F2CDE387-D904-53E7-4582-0A55E711C037}.Release|Any CPU.ActiveCfg = Release|Any CPU
		{F2CDE387-D904-53E7-4582-0A55E711C037}.Release|Any CPU.Build.0 = Release|Any CPU
		{6BC452FB-C341-93AF-D846-D7CD0EA169B3}.Debug|Any CPU.ActiveCfg = Debug|Any CPU
		{6BC452FB-C341-93AF-D846-D7CD0EA169B3}.Debug|Any CPU.Build.0 = Debug|Any CPU
		{6BC452FB-C341-93AF-D846-D7CD0EA169B3}.Release|Any CPU.ActiveCfg = Release|Any CPU
		{6BC452FB-C341-93AF-D846-D7CD0EA169B3}.Release|Any CPU.Build.0 = Release|Any CPU
		{21007672-2A3A-7F13-A2DB-F1FF60E7EC7F}.Debug|Any CPU.ActiveCfg = Debug|Any CPU
		{21007672-2A3A-7F13-A2DB-F1FF60E7EC7F}.Debug|Any CPU.Build.0 = Debug|Any CPU
		{21007672-2A3A-7F13-A2DB-F1FF60E7EC7F}.Release|Any CPU.ActiveCfg = Release|Any CPU
		{21007672-2A3A-7F13-A2DB-F1FF60E7EC7F}.Release|Any CPU.Build.0 = Release|Any CPU
		{49DA9157-815E-BD6A-02DF-160DABAB65BA}.Debug|Any CPU.ActiveCfg = Debug|Any CPU
		{49DA9157-815E-BD6A-02DF-160DABAB65BA}.Debug|Any CPU.Build.0 = Debug|Any CPU
		{49DA9157-815E-BD6A-02DF-160DABAB65BA}.Release|Any CPU.ActiveCfg = Release|Any CPU
		{49DA9157-815E-BD6A-02DF-160DABAB65BA}.Release|Any CPU.Build.0 = Release|Any CPU
		{E2D95C43-1570-4155-E9A0-2C57BEFEC4B8}.Debug|Any CPU.ActiveCfg = Debug|Any CPU
		{E2D95C43-1570-4155-E9A0-2C57BEFEC4B8}.Debug|Any CPU.Build.0 = Debug|Any CPU
		{E2D95C43-1570-4155-E9A0-2C57BEFEC4B8}.Release|Any CPU.ActiveCfg = Release|Any CPU
		{E2D95C43-1570-4155-E9A0-2C57BEFEC4B8}.Release|Any CPU.Build.0 = Release|Any CPU
	EndGlobalSection
	GlobalSection(SolutionProperties) = preSolution
		HideSolutionNode = FALSE
	EndGlobalSection
EndGlobal
